
Microsoft Visual Studio Solution File, Format Version 11.00
# Visual Studio 2010
Project("{8BC9CEB8-8B4A-11D0-8D11-00A0C91BC942}") = "mem自定义函数练习", "mem自定义函数练习\mem自定义函数练习.vcxproj", "{B777936E-DE95-468A-9CD1-A8D8F284BAE7}"
EndProject
Global
	GlobalSection(SolutionConfigurationPlatforms) = preSolution
		Debug|Win32 = Debug|Win32
		Release|Win32 = Release|Win32
	EndGlobalSection
	GlobalSection(ProjectConfigurationPlatforms) = postSolution
		{B777936E-DE95-468A-9CD1-A8D8F284BAE7}.Debug|Win32.ActiveCfg = Debug|Win32
		{B777936E-DE95-468A-9CD1-A8D8F284BAE7}.Debug|Win32.Build.0 = Debug|Win32
		{B777936E-DE95-468A-9CD1-A8D8F284BAE7}.Release|Win32.ActiveCfg = Release|Win32
		{B777936E-DE95-468A-9CD1-A8D8F284BAE7}.Release|Win32.Build.0 = Release|Win32
	EndGlobalSection
	GlobalSection(SolutionProperties) = preSolution
		HideSolutionNode = FALSE
	EndGlobalSection
EndGlobal
