
Microsoft Visual Studio Solution File, Format Version 11.00
# Visual Studio 2010
Project("{8BC9CEB8-8B4A-11D0-8D11-00A0C91BC942}") = "String类的实现", "String类的实现\String类的实现.vcxproj", "{B4E2C690-05C9-4CC4-9393-06F35005C24A}"
EndProject
Global
	GlobalSection(SolutionConfigurationPlatforms) = preSolution
		Debug|Win32 = Debug|Win32
		Release|Win32 = Release|Win32
	EndGlobalSection
	GlobalSection(ProjectConfigurationPlatforms) = postSolution
		{B4E2C690-05C9-4CC4-9393-06F35005C24A}.Debug|Win32.ActiveCfg = Debug|Win32
		{B4E2C690-05C9-4CC4-9393-06F35005C24A}.Debug|Win32.Build.0 = Debug|Win32
		{B4E2C690-05C9-4CC4-9393-06F35005C24A}.Release|Win32.ActiveCfg = Release|Win32
		{B4E2C690-05C9-4CC4-9393-06F35005C24A}.Release|Win32.Build.0 = Release|Win32
	EndGlobalSection
	GlobalSection(SolutionProperties) = preSolution
		HideSolutionNode = FALSE
	EndGlobalSection
EndGlobal
